
Microsoft Visual Studio Solution File, Format Version 12.00
# Visual Studio 15
VisualStudioVersion = 15.0.27703.2042
MinimumVisualStudioVersion = 10.0.40219.1
Project("{FAE04EC0-301F-11D3-BF4B-00C04F79EFBC}") = "discordbot1", "discordbot1\discordbot1.csproj", "{E16D752D-D5E8-45A7-9D40-DA275C84D5B6}"
EndProject
Global
	GlobalSection(SolutionConfigurationPlatforms) = preSolution
		Debug|Any CPU = Debug|Any CPU
		Release|Any CPU = Release|Any CPU
	EndGlobalSection
	GlobalSection(ProjectConfigurationPlatforms) = postSolution
		{E16D752D-D5E8-45A7-9D40-DA275C84D5B6}.Debug|Any CPU.ActiveCfg = Debug|Any CPU
		{E16D752D-D5E8-45A7-9D40-DA275C84D5B6}.Debug|Any CPU.Build.0 = Debug|Any CPU
		{E16D752D-D5E8-45A7-9D40-DA275C84D5B6}.Release|Any CPU.ActiveCfg = Release|Any CPU
		{E16D752D-D5E8-45A7-9D40-DA275C84D5B6}.Release|Any CPU.Build.0 = Release|Any CPU
	EndGlobalSection
	GlobalSection(SolutionProperties) = preSolution
		HideSolutionNode = FALSE
	EndGlobalSection
	GlobalSection(ExtensibilityGlobals) = postSolution
		SolutionGuid = {F1C089A2-AFBB-4017-AD88-5758CD8E9048}
	EndGlobalSection
EndGlobal
